
Microsoft Visual Studio Solution File, Format Version 12.00
# Visual Studio Version 17
VisualStudioVersion = 17.4.33205.214
MinimumVisualStudioVersion = 10.0.40219.1
Project("{FAE04EC0-301F-11D3-BF4B-00C04F79EFBC}") = "TASK1", "TASK1\TASK1.csproj", "{424FD96D-3C6F-48BA-8095-D3A9DB2C2C5A}"
EndProject
Global
	GlobalSection(SolutionConfigurationPlatforms) = preSolution
		Debug|Any CPU = Debug|Any CPU
		Release|Any CPU = Release|Any CPU
	EndGlobalSection
	GlobalSection(ProjectConfigurationPlatforms) = postSolution
		{424FD96D-3C6F-48BA-8095-D3A9DB2C2C5A}.Debug|Any CPU.ActiveCfg = Debug|Any CPU
		{424FD96D-3C6F-48BA-8095-D3A9DB2C2C5A}.Debug|Any CPU.Build.0 = Debug|Any CPU
		{424FD96D-3C6F-48BA-8095-D3A9DB2C2C5A}.Release|Any CPU.ActiveCfg = Release|Any CPU
		{424FD96D-3C6F-48BA-8095-D3A9DB2C2C5A}.Release|Any CPU.Build.0 = Release|Any CPU
	EndGlobalSection
	GlobalSection(SolutionProperties) = preSolution
		HideSolutionNode = FALSE
	EndGlobalSection
	GlobalSection(ExtensibilityGlobals) = postSolution
		SolutionGuid = {816A6A68-8B14-4EB0-8DA5-85028721AFD9}
	EndGlobalSection
EndGlobal
